
Microsoft Visual Studio Solution File, Format Version 11.00
# Visual Studio 2010
Project("{FAE04EC0-301F-11D3-BF4B-00C04F79EFBC}") = "Assembly-CSharp", "Assembly-CSharp.csproj", "{A76ADE6C-679A-2D98-DCC3-3C68ADE7AE27}"
EndProject
Project("{FAE04EC0-301F-11D3-BF4B-00C04F79EFBC}") = "Assembly-CSharp-Editor", "Assembly-CSharp-Editor.csproj", "{5FD5481D-E396-3F80-3952-802426B7C6E3}"
EndProject
Global
	GlobalSection(SolutionConfigurationPlatforms) = preSolution
		Debug|Any CPU = Debug|Any CPU
		Release|Any CPU = Release|Any CPU
	EndGlobalSection
	GlobalSection(ProjectConfigurationPlatforms) = postSolution
		{A76ADE6C-679A-2D98-DCC3-3C68ADE7AE27}.Debug|Any CPU.ActiveCfg = Debug|Any CPU
		{A76ADE6C-679A-2D98-DCC3-3C68ADE7AE27}.Debug|Any CPU.Build.0 = Debug|Any CPU
		{A76ADE6C-679A-2D98-DCC3-3C68ADE7AE27}.Release|Any CPU.ActiveCfg = Release|Any CPU
		{A76ADE6C-679A-2D98-DCC3-3C68ADE7AE27}.Release|Any CPU.Build.0 = Release|Any CPU
		{5FD5481D-E396-3F80-3952-802426B7C6E3}.Debug|Any CPU.ActiveCfg = Debug|Any CPU
		{5FD5481D-E396-3F80-3952-802426B7C6E3}.Debug|Any CPU.Build.0 = Debug|Any CPU
		{5FD5481D-E396-3F80-3952-802426B7C6E3}.Release|Any CPU.ActiveCfg = Release|Any CPU
		{5FD5481D-E396-3F80-3952-802426B7C6E3}.Release|Any CPU.Build.0 = Release|Any CPU
	EndGlobalSection
	GlobalSection(SolutionProperties) = preSolution
		HideSolutionNode = FALSE
	EndGlobalSection
	GlobalSection(MonoDevelopProperties) = preSolution
		StartupItem = Assembly-CSharp.csproj
	EndGlobalSection
EndGlobal
